[[package]]
name = "appnope"
version = "0.1.3"
description = "Disable App Nap on macOS >= 10.9"
category = "dev"
optional = false
python-versions = "*"

[package.source]
type = "legacy"
url = "https://www.piwheels.org/simple"
reference = "piwheels"

[[package]]
name = "argon2-cffi"
version = "21.3.0"
description = "The secure Argon2 password hashing algorithm."
category = "dev"
optional = false
python-versions = ">=3.6"

[package.dependencies]
argon2-cffi-bindings = "*"

[package.extras]
dev = ["pre-commit", "cogapp", "tomli", "coverage[toml] (>=5.0.2)", "hypothesis", "pytest", "sphinx", "sphinx-notfound-page", "furo"]
docs = ["sphinx", "sphinx-notfound-page", "furo"]
tests = ["coverage[toml] (>=5.0.2)", "hypothesis", "pytest"]

[package.source]
type = "legacy"
url = "https://www.piwheels.org/simple"
reference = "piwheels"

[[package]]
name = "argon2-cffi-bindings"
version = "21.2.0"
description = "Low-level CFFI bindings for Argon2"
category = "dev"
optional = false
python-versions = ">=3.6"

[package.dependencies]
cffi = ">=1.0.1"

[package.extras]
dev = ["pytest", "cogapp", "pre-commit", "wheel"]
tests = ["pytest"]

[package.source]
type = "legacy"
url = "https://www.piwheels.org/simple"
reference = "piwheels"

[[package]]
name = "asttokens"
version = "2.0.5"
description = "Annotate AST trees with source code positions"
category = "dev"
optional = false
python-versions = "*"

[package.dependencies]
six = "*"

[package.extras]
test = ["astroid", "pytest"]

[package.source]
type = "legacy"
url = "https://www.piwheels.org/simple"
reference = "piwheels"

[[package]]
name = "atomicwrites"
version = "1.4.1"
description = "Atomic file writes."
category = "dev"
optional = false
python-versions = ">=2.7, !=3.0.*, !=3.1.*, !=3.2.*, !=3.3.*"

[package.source]
type = "legacy"
url = "https://www.piwheels.org/simple"
reference = "piwheels"

[[package]]
name = "attrs"
version = "22.1.0"
description = "Classes Without Boilerplate"
category = "dev"
optional = false
python-versions = ">=3.5"

[package.extras]
dev = ["coverage[toml] (>=5.0.2)", "hypothesis", "pympler", "pytest (>=4.3.0)", "mypy (>=0.900,!=0.940)", "pytest-mypy-plugins", "zope.interface", "furo", "sphinx", "sphinx-notfound-page", "pre-commit", "cloudpickle"]
docs = ["furo", "sphinx", "zope.interface", "sphinx-notfound-page"]
tests = ["coverage[toml] (>=5.0.2)", "hypothesis", "pympler", "pytest (>=4.3.0)", "mypy (>=0.900,!=0.940)", "pytest-mypy-plugins", "zope.interface", "cloudpickle"]
tests_no_zope = ["coverage[toml] (>=5.0.2)", "hypothesis", "pympler", "pytest (>=4.3.0)", "mypy (>=0.900,!=0.940)", "pytest-mypy-plugins", "cloudpickle"]

[package.source]
type = "legacy"
url = "https://www.piwheels.org/simple"
reference = "piwheels"

[[package]]
name = "backcall"
version = "0.2.0"
description = "Specifications for callback functions passed in to an API"
category = "dev"
optional = false
python-versions = "*"

[package.source]
type = "legacy"
url = "https://www.piwheels.org/simple"
reference = "piwheels"

[[package]]
name = "beautifulsoup4"
version = "4.11.1"
description = "Screen-scraping library"
category = "dev"
optional = false
python-versions = ">=3.6.0"

[package.dependencies]
soupsieve = ">1.2"

[package.extras]
html5lib = ["html5lib"]
lxml = ["lxml"]

[package.source]
type = "legacy"
url = "https://www.piwheels.org/simple"
reference = "piwheels"

[[package]]
name = "bleach"
version = "5.0.1"
description = "An easy safelist-based HTML-sanitizing tool."
category = "dev"
optional = false
python-versions = ">=3.7"

[package.dependencies]
six = ">=1.9.0"
webencodings = "*"

[package.extras]
css = ["tinycss2 (>=1.1.0,<1.2)"]
dev = ["build (==0.8.0)", "flake8 (==4.0.1)", "hashin (==0.17.0)", "pip-tools (==6.6.2)", "pytest (==7.1.2)", "Sphinx (==4.3.2)", "tox (==3.25.0)", "twine (==4.0.1)", "wheel (==0.37.1)", "black (==22.3.0)", "mypy (==0.961)"]

[[package]]
name = "cffi"
version = "1.15.1"
description = "Foreign Function Interface for Python calling C code."
category = "dev"
optional = false
python-versions = "*"

[package.dependencies]
pycparser = "*"

[package.source]
type = "legacy"
url = "https://www.piwheels.org/simple"
reference = "piwheels"

[[package]]
name = "colorama"
version = "0.4.5"
description = "Cross-platform colored terminal text."
category = "dev"
optional = false
python-versions = ">=2.7, !=3.0.*, !=3.1.*, !=3.2.*, !=3.3.*, !=3.4.*"

[package.source]
type = "legacy"
url = "https://www.piwheels.org/simple"
reference = "piwheels"

[[package]]
name = "debugpy"
version = "1.6.2"
description = "An implementation of the Debug Adapter Protocol for Python"
category = "dev"
optional = false
python-versions = ">=3.7"

[package.source]
type = "legacy"
url = "https://www.piwheels.org/simple"
reference = "piwheels"

[[package]]
name = "decorator"
version = "5.1.1"
description = "Decorators for Humans"
category = "dev"
optional = false
python-versions = ">=3.5"

[package.source]
type = "legacy"
url = "https://www.piwheels.org/simple"
reference = "piwheels"

[[package]]
name = "defusedxml"
version = "0.7.1"
description = "XML bomb protection for Python stdlib modules"
category = "dev"
optional = false
python-versions = ">=2.7, !=3.0.*, !=3.1.*, !=3.2.*, !=3.3.*, !=3.4.*"

[package.source]
type = "legacy"
url = "https://www.piwheels.org/simple"
reference = "piwheels"

[[package]]
name = "entrypoints"
version = "0.4"
description = "Discover and load entry points from installed packages."
category = "dev"
optional = false
python-versions = ">=3.6"

[package.source]
type = "legacy"
url = "https://www.piwheels.org/simple"
reference = "piwheels"

[[package]]
name = "executing"
version = "0.9.1"
description = "Get the currently executing AST node of a frame, and other information"
category = "dev"
optional = false
python-versions = "*"

[package.source]
type = "legacy"
url = "https://www.piwheels.org/simple"
reference = "piwheels"

[[package]]
name = "fastjsonschema"
version = "2.16.1"
description = "Fastest Python implementation of JSON schema"
category = "dev"
optional = false
python-versions = "*"

[package.extras]
devel = ["colorama", "jsonschema", "json-spec", "pylint", "pytest", "pytest-benchmark", "pytest-cache", "validictory"]

[package.source]
type = "legacy"
url = "https://www.piwheels.org/simple"
reference = "piwheels"

[[package]]
name = "ipykernel"
version = "6.15.1"
description = "IPython Kernel for Jupyter"
category = "dev"
optional = false
python-versions = ">=3.7"

[package.dependencies]
appnope = {version = "*", markers = "platform_system == \"Darwin\""}
debugpy = ">=1.0"
ipython = ">=7.23.1"
jupyter-client = ">=6.1.12"
matplotlib-inline = ">=0.1"
nest-asyncio = "*"
packaging = "*"
psutil = "*"
pyzmq = ">=17"
tornado = ">=6.1"
traitlets = ">=5.1.0"

[package.extras]
test = ["flaky", "ipyparallel", "pre-commit", "pytest-cov", "pytest-timeout", "pytest (>=6.0)"]

[package.source]
type = "legacy"
url = "https://www.piwheels.org/simple"
reference = "piwheels"

[[package]]
name = "ipython"
version = "8.4.0"
description = "IPython: Productive Interactive Computing"
category = "dev"
optional = false
python-versions = ">=3.8"

[package.dependencies]
appnope = {version = "*", markers = "sys_platform == \"darwin\""}
backcall = "*"
colorama = {version = "*", markers = "sys_platform == \"win32\""}
decorator = "*"
jedi = ">=0.16"
matplotlib-inline = "*"
pexpect = {version = ">4.3", markers = "sys_platform != \"win32\""}
pickleshare = "*"
prompt-toolkit = ">=2.0.0,<3.0.0 || >3.0.0,<3.0.1 || >3.0.1,<3.1.0"
pygments = ">=2.4.0"
stack-data = "*"
traitlets = ">=5"

[package.extras]
all = ["black", "Sphinx (>=1.3)", "ipykernel", "nbconvert", "nbformat", "ipywidgets", "notebook", "ipyparallel", "qtconsole", "pytest (<7.1)", "pytest-asyncio", "testpath", "curio", "matplotlib (!=3.2.0)", "numpy (>=1.19)", "pandas", "trio"]
black = ["black"]
doc = ["Sphinx (>=1.3)"]
kernel = ["ipykernel"]
nbconvert = ["nbconvert"]
nbformat = ["nbformat"]
notebook = ["ipywidgets", "notebook"]
parallel = ["ipyparallel"]
qtconsole = ["qtconsole"]
test = ["pytest (<7.1)", "pytest-asyncio", "testpath"]
test_extra = ["pytest (<7.1)", "pytest-asyncio", "testpath", "curio", "matplotlib (!=3.2.0)", "nbformat", "numpy (>=1.19)", "pandas", "trio"]

[package.source]
type = "legacy"
url = "https://www.piwheels.org/simple"
reference = "piwheels"

[[package]]
name = "ipython-genutils"
version = "0.2.0"
description = "Vestigial utilities from IPython"
category = "dev"
optional = false
python-versions = "*"

[package.source]
type = "legacy"
url = "https://www.piwheels.org/simple"
reference = "piwheels"

[[package]]
name = "ipywidgets"
version = "7.7.1"
description = "IPython HTML widgets for Jupyter"
category = "dev"
optional = false
python-versions = "*"

[package.dependencies]
ipykernel = ">=4.5.1"
ipython = {version = ">=4.0.0", markers = "python_version >= \"3.3\""}
ipython-genutils = ">=0.2.0,<0.3.0"
jupyterlab-widgets = {version = ">=1.0.0", markers = "python_version >= \"3.6\""}
traitlets = ">=4.3.1"
widgetsnbextension = ">=3.6.0,<3.7.0"

[package.extras]
test = ["pytest (>=3.6.0)", "pytest-cov", "mock"]

[package.source]
type = "legacy"
url = "https://www.piwheels.org/simple"
reference = "piwheels"

[[package]]
name = "jedi"
version = "0.18.1"
description = "An autocompletion tool for Python that can be used for text editors."
category = "dev"
optional = false
python-versions = ">=3.6"

[package.dependencies]
parso = ">=0.8.0,<0.9.0"

[package.extras]
qa = ["flake8 (==3.8.3)", "mypy (==0.782)"]
testing = ["pytest (<7.0.0)", "docopt", "colorama", "Django (<3.1)"]

[package.source]
type = "legacy"
url = "https://www.piwheels.org/simple"
reference = "piwheels"

[[package]]
name = "jinja2"
version = "3.1.2"
description = "A very fast and expressive template engine."
category = "dev"
optional = false
python-versions = ">=3.7"

[package.dependencies]
MarkupSafe = ">=2.0"

[package.extras]
i18n = ["Babel (>=2.7)"]

[package.source]
type = "legacy"
url = "https://www.piwheels.org/simple"
reference = "piwheels"

[[package]]
name = "jsonschema"
version = "4.9.0"
description = "An implementation of JSON Schema validation for Python"
category = "dev"
optional = false
python-versions = ">=3.7"

[package.dependencies]
attrs = ">=17.4.0"
pyrsistent = ">=0.14.0,<0.17.0 || >0.17.0,<0.17.1 || >0.17.1,<0.17.2 || >0.17.2"

[package.extras]
format = ["fqdn", "idna", "isoduration", "jsonpointer (>1.13)", "rfc3339-validator", "rfc3987", "uri-template", "webcolors (>=1.11)"]
format-nongpl = ["fqdn", "idna", "isoduration", "jsonpointer (>1.13)", "rfc3339-validator", "rfc3986-validator (>0.1.0)", "uri-template", "webcolors (>=1.11)"]

[package.source]
type = "legacy"
url = "https://www.piwheels.org/simple"
reference = "piwheels"

[[package]]
name = "jupyter"
version = "1.0.0"
description = "Jupyter metapackage. Install all the Jupyter components in one go."
category = "dev"
optional = false
python-versions = "*"

[package.dependencies]
ipykernel = "*"
ipywidgets = "*"
jupyter-console = "*"
nbconvert = "*"
notebook = "*"
qtconsole = "*"

[package.source]
type = "legacy"
url = "https://www.piwheels.org/simple"
reference = "piwheels"

[[package]]
name = "jupyter-client"
version = "7.3.4"
description = "Jupyter protocol implementation and client libraries"
category = "dev"
optional = false
python-versions = ">=3.7"

[package.dependencies]
entrypoints = "*"
jupyter-core = ">=4.9.2"
nest-asyncio = ">=1.5.4"
python-dateutil = ">=2.8.2"
pyzmq = ">=23.0"
tornado = ">=6.0"
traitlets = "*"

[package.extras]
doc = ["ipykernel", "myst-parser", "sphinx-rtd-theme", "sphinx (>=1.3.6)", "sphinxcontrib-github-alt"]
test = ["codecov", "coverage", "ipykernel (>=6.5)", "ipython", "mypy", "pre-commit", "pytest", "pytest-asyncio (>=0.18)", "pytest-cov", "pytest-timeout"]

[package.source]
type = "legacy"
url = "https://www.piwheels.org/simple"
reference = "piwheels"

[[package]]
name = "jupyter-console"
version = "6.4.4"
description = "Jupyter terminal console"
category = "dev"
optional = false
python-versions = ">=3.7"

[package.dependencies]
ipykernel = "*"
ipython = "*"
jupyter-client = ">=7.0.0"
prompt-toolkit = ">=2.0.0,<3.0.0 || >3.0.0,<3.0.1 || >3.0.1,<3.1.0"
pygments = "*"

[package.extras]
test = ["pexpect"]

[package.source]
type = "legacy"
url = "https://www.piwheels.org/simple"
reference = "piwheels"

[[package]]
name = "jupyter-core"
version = "4.11.1"
description = "Jupyter core package. A base package on which Jupyter projects rely."
category = "dev"
optional = false
python-versions = ">=3.7"

[package.dependencies]
pywin32 = {version = ">=1.0", markers = "sys_platform == \"win32\" and platform_python_implementation != \"PyPy\""}
traitlets = "*"

[package.extras]
test = ["ipykernel", "pre-commit", "pytest", "pytest-cov", "pytest-timeout"]

[package.source]
type = "legacy"
url = "https://www.piwheels.org/simple"
reference = "piwheels"

[[package]]
name = "jupyterlab-pygments"
version = "0.2.2"
description = "Pygments theme using JupyterLab CSS variables"
category = "dev"
optional = false
python-versions = ">=3.7"

[[package]]
name = "jupyterlab-widgets"
version = "1.1.1"
description = "A JupyterLab extension."
category = "dev"
optional = false
python-versions = ">=3.6"

[[package]]
name = "markupsafe"
version = "2.1.1"
description = "Safely add untrusted strings to HTML/XML markup."
category = "dev"
optional = false
python-versions = ">=3.7"

[package.source]
type = "legacy"
url = "https://www.piwheels.org/simple"
reference = "piwheels"

[[package]]
name = "matplotlib-inline"
version = "0.1.3"
description = "Inline Matplotlib backend for Jupyter"
category = "dev"
optional = false
python-versions = ">=3.5"

[package.dependencies]
traitlets = "*"

[package.source]
type = "legacy"
url = "https://www.piwheels.org/simple"
reference = "piwheels"

[[package]]
name = "mistune"
version = "0.8.4"
description = "The fastest markdown parser in pure Python"
category = "dev"
optional = false
python-versions = "*"

[package.source]
type = "legacy"
url = "https://www.piwheels.org/simple"
reference = "piwheels"

[[package]]
name = "more-itertools"
version = "8.13.0"
description = "More routines for operating on iterables, beyond itertools"
category = "dev"
optional = false
python-versions = ">=3.5"

[package.source]
type = "legacy"
url = "https://www.piwheels.org/simple"
reference = "piwheels"

[[package]]
name = "nbclient"
version = "0.6.6"
description = "A client library for executing notebooks. Formerly nbconvert's ExecutePreprocessor."
category = "dev"
optional = false
python-versions = ">=3.7.0"

[package.dependencies]
jupyter-client = ">=6.1.5"
nbformat = ">=5.0"
nest-asyncio = "*"
traitlets = ">=5.2.2"

[package.extras]
sphinx = ["autodoc-traits", "mock", "moto", "myst-parser", "Sphinx (>=1.7)", "sphinx-book-theme"]
test = ["black", "check-manifest", "flake8", "ipykernel", "ipython (<8.0.0)", "ipywidgets (<8.0.0)", "mypy", "pip (>=18.1)", "pre-commit", "pytest (>=4.1)", "pytest-asyncio", "pytest-cov (>=2.6.1)", "setuptools (>=60.0)", "testpath", "twine (>=1.11.0)", "xmltodict"]

[package.source]
type = "legacy"
url = "https://www.piwheels.org/simple"
reference = "piwheels"

[[package]]
name = "nbconvert"
version = "6.5.0"
description = "Converting Jupyter Notebooks"
category = "dev"
optional = false
python-versions = ">=3.7"

[package.dependencies]
beautifulsoup4 = "*"
bleach = "*"
defusedxml = "*"
entrypoints = ">=0.2.2"
jinja2 = ">=3.0"
jupyter-core = ">=4.7"
jupyterlab-pygments = "*"
MarkupSafe = ">=2.0"
mistune = ">=0.8.1,<2"
nbclient = ">=0.5.0"
nbformat = ">=5.1"
packaging = "*"
pandocfilters = ">=1.4.1"
pygments = ">=2.4.1"
tinycss2 = "*"
traitlets = ">=5.0"

[package.extras]
all = ["pytest", "pytest-cov", "pytest-dependency", "ipykernel", "ipywidgets (>=7)", "pre-commit", "pyppeteer (>=1,<1.1)", "tornado (>=6.1)", "sphinx (>=1.5.1)", "sphinx-rtd-theme", "nbsphinx (>=0.2.12)", "ipython"]
docs = ["sphinx (>=1.5.1)", "sphinx-rtd-theme", "nbsphinx (>=0.2.12)", "ipython"]
serve = ["tornado (>=6.1)"]
test = ["pytest", "pytest-cov", "pytest-dependency", "ipykernel", "ipywidgets (>=7)", "pre-commit", "pyppeteer (>=1,<1.1)"]
webpdf = ["pyppeteer (>=1,<1.1)"]

[package.source]
type = "legacy"
url = "https://www.piwheels.org/simple"
reference = "piwheels"

[[package]]
name = "nbformat"
version = "5.4.0"
description = "The Jupyter Notebook format"
category = "dev"
optional = false
python-versions = ">=3.7"

[package.dependencies]
fastjsonschema = "*"
jsonschema = ">=2.6"
jupyter-core = "*"
traitlets = ">=5.1"

[package.extras]
test = ["check-manifest", "testpath", "pytest", "pre-commit"]

[package.source]
type = "legacy"
url = "https://www.piwheels.org/simple"
reference = "piwheels"

[[package]]
name = "nest-asyncio"
version = "1.5.5"
description = "Patch asyncio to allow nested event loops"
category = "dev"
optional = false
python-versions = ">=3.5"

[package.source]
type = "legacy"
url = "https://www.piwheels.org/simple"
reference = "piwheels"

[[package]]
name = "notebook"
version = "6.4.12"
description = "A web-based notebook environment for interactive computing"
category = "dev"
optional = false
python-versions = ">=3.7"

[package.dependencies]
argon2-cffi = "*"
ipykernel = "*"
ipython-genutils = "*"
jinja2 = "*"
jupyter-client = ">=5.3.4"
jupyter-core = ">=4.6.1"
nbconvert = ">=5"
nbformat = "*"
nest-asyncio = ">=1.5"
prometheus-client = "*"
pyzmq = ">=17"
Send2Trash = ">=1.8.0"
terminado = ">=0.8.3"
tornado = ">=6.1"
traitlets = ">=4.2.1"

[package.extras]
docs = ["sphinx", "nbsphinx", "sphinxcontrib-github-alt", "sphinx-rtd-theme", "myst-parser"]
json-logging = ["json-logging"]
test = ["pytest", "coverage", "requests", "testpath", "nbval", "selenium", "pytest-cov", "requests-unixsocket"]

[package.source]
type = "legacy"
url = "https://www.piwheels.org/simple"
reference = "piwheels"

[[package]]
name = "packaging"
version = "21.3"
description = "Core utilities for Python packages"
category = "dev"
optional = false
python-versions = ">=3.6"

[package.dependencies]
pyparsing = ">=2.0.2,<3.0.5 || >3.0.5"

[package.source]
type = "legacy"
url = "https://www.piwheels.org/simple"
reference = "piwheels"

[[package]]
name = "pandocfilters"
version = "1.5.0"
description = "Utilities for writing pandoc filters in python"
category = "dev"
optional = false
python-versions = ">=2.7, !=3.0.*, !=3.1.*, !=3.2.*, !=3.3.*"

[package.source]
type = "legacy"
url = "https://www.piwheels.org/simple"
reference = "piwheels"

[[package]]
name = "parso"
version = "0.8.3"
description = "A Python Parser"
category = "dev"
optional = false
python-versions = ">=3.6"

[package.extras]
qa = ["flake8 (==3.8.3)", "mypy (==0.782)"]
testing = ["pytest (<6.0.0)", "docopt"]

[package.source]
type = "legacy"
url = "https://www.piwheels.org/simple"
reference = "piwheels"

[[package]]
name = "pexpect"
version = "4.8.0"
description = "Pexpect allows easy control of interactive console applications."
category = "dev"
optional = false
python-versions = "*"

[package.dependencies]
ptyprocess = ">=0.5"

[package.source]
type = "legacy"
url = "https://www.piwheels.org/simple"
reference = "piwheels"

[[package]]
name = "pickleshare"
version = "0.7.5"
description = "Tiny 'shelve'-like database with concurrency support"
category = "dev"
optional = false
python-versions = "*"

[package.source]
type = "legacy"
url = "https://www.piwheels.org/simple"
reference = "piwheels"

[[package]]
name = "pluggy"
version = "0.13.1"
description = "plugin and hook calling mechanisms for python"
category = "dev"
optional = false
python-versions = ">=2.7, !=3.0.*, !=3.1.*, !=3.2.*, !=3.3.*"

[package.extras]
dev = ["pre-commit", "tox"]

[package.source]
type = "legacy"
url = "https://www.piwheels.org/simple"
reference = "piwheels"

[[package]]
name = "prometheus-client"
version = "0.14.1"
description = "Python client for the Prometheus monitoring system."
category = "dev"
optional = false
python-versions = ">=3.6"

[package.extras]
twisted = ["twisted"]

[package.source]
type = "legacy"
url = "https://www.piwheels.org/simple"
reference = "piwheels"

[[package]]
name = "prompt-toolkit"
version = "3.0.30"
description = "Library for building powerful interactive command lines in Python"
category = "dev"
optional = false
python-versions = ">=3.6.2"

[package.dependencies]
wcwidth = "*"

[[package]]
name = "psutil"
version = "5.9.1"
description = "Cross-platform lib for process and system monitoring in Python."
category = "dev"
optional = false
python-versions = ">=2.7, !=3.0.*, !=3.1.*, !=3.2.*, !=3.3.*"

[package.extras]
test = ["ipaddress", "mock", "enum34", "pywin32", "wmi"]

[package.source]
type = "legacy"
url = "https://www.piwheels.org/simple"
reference = "piwheels"

[[package]]
name = "ptyprocess"
version = "0.7.0"
description = "Run a subprocess in a pseudo terminal"
category = "dev"
optional = false
python-versions = "*"

[package.source]
type = "legacy"
url = "https://www.piwheels.org/simple"
reference = "piwheels"

[[package]]
name = "pure-eval"
version = "0.2.2"
description = "Safely evaluate AST nodes without side effects"
category = "dev"
optional = false
python-versions = "*"

[package.extras]
tests = ["pytest"]

[package.source]
type = "legacy"
url = "https://www.piwheels.org/simple"
reference = "piwheels"

[[package]]
name = "py"
version = "1.11.0"
description = "library with cross-python path, ini-parsing, io, code, log facilities"
category = "dev"
optional = false
python-versions = ">=2.7, !=3.0.*, !=3.1.*, !=3.2.*, !=3.3.*, !=3.4.*"

[package.source]
type = "legacy"
url = "https://www.piwheels.org/simple"
reference = "piwheels"

[[package]]
name = "pycparser"
version = "2.21"
description = "C parser in Python"
category = "dev"
optional = false
python-versions = ">=2.7, !=3.0.*, !=3.1.*, !=3.2.*, !=3.3.*"

[package.source]
type = "legacy"
url = "https://www.piwheels.org/simple"
reference = "piwheels"

[[package]]
name = "pygments"
version = "2.12.0"
description = "Pygments is a syntax highlighting package written in Python."
category = "dev"
optional = false
python-versions = ">=3.6"

[package.source]
type = "legacy"
url = "https://www.piwheels.org/simple"
reference = "piwheels"

[[package]]
name = "pyparsing"
version = "3.0.9"
description = "pyparsing module - Classes and methods to define and execute parsing grammars"
category = "dev"
optional = false
python-versions = ">=3.6.8"

[package.extras]
diagrams = ["railroad-diagrams", "jinja2"]

[package.source]
type = "legacy"
url = "https://www.piwheels.org/simple"
reference = "piwheels"

[[package]]
name = "pyrsistent"
version = "0.18.1"
description = "Persistent/Functional/Immutable data structures"
category = "dev"
optional = false
python-versions = ">=3.7"

[package.source]
type = "legacy"
url = "https://www.piwheels.org/simple"
reference = "piwheels"

[[package]]
name = "pytest"
version = "5.4.3"
description = "pytest: simple powerful testing with Python"
category = "dev"
optional = false
python-versions = ">=3.5"

[package.dependencies]
atomicwrites = {version = ">=1.0", markers = "sys_platform == \"win32\""}
attrs = ">=17.4.0"
colorama = {version = "*", markers = "sys_platform == \"win32\""}
more-itertools = ">=4.0.0"
packaging = "*"
pluggy = ">=0.12,<1.0"
py = ">=1.5.0"
wcwidth = "*"

[package.extras]
checkqa-mypy = ["mypy (==v0.761)"]
testing = ["argcomplete", "hypothesis (>=3.56)", "mock", "nose", "requests", "xmlschema"]

[package.source]
type = "legacy"
url = "https://www.piwheels.org/simple"
reference = "piwheels"

[[package]]
name = "python-dateutil"
version = "2.8.2"
description = "Extensions to the standard Python datetime module"
category = "dev"
optional = false
python-versions = "!=3.0.*,!=3.1.*,!=3.2.*,>=2.7"

[package.dependencies]
six = ">=1.5"

[package.source]
type = "legacy"
url = "https://www.piwheels.org/simple"
reference = "piwheels"

[[package]]
name = "pywin32"
version = "304"
description = "Python for Window Extensions"
category = "dev"
optional = false
python-versions = "*"

[[package]]
name = "pywinpty"
version = "2.0.6"
description = "Pseudo terminal support for Windows from Python."
category = "dev"
optional = false
python-versions = ">=3.7"

[[package]]
name = "pyzmq"
version = "23.2.0"
description = "Python bindings for 0MQ"
category = "dev"
optional = false
python-versions = ">=3.6"

[package.dependencies]
cffi = {version = "*", markers = "implementation_name == \"pypy\""}
py = {version = "*", markers = "implementation_name == \"pypy\""}

[package.source]
type = "legacy"
url = "https://www.piwheels.org/simple"
reference = "piwheels"

[[package]]
name = "qtconsole"
version = "5.3.1"
description = "Jupyter Qt console"
category = "dev"
optional = false
python-versions = ">= 3.7"

[package.dependencies]
ipykernel = ">=4.1"
ipython-genutils = "*"
jupyter-client = ">=4.1"
jupyter-core = "*"
pygments = "*"
pyzmq = ">=17.1"
qtpy = ">=2.0.1"
traitlets = "<5.2.1 || >5.2.1,<5.2.2 || >5.2.2"

[package.extras]
doc = ["Sphinx (>=1.3)"]
test = ["flaky", "pytest", "pytest-qt"]

[package.source]
type = "legacy"
url = "https://www.piwheels.org/simple"
reference = "piwheels"

[[package]]
name = "qtpy"
version = "2.1.0"
description = "Provides an abstraction layer on top of the various Qt bindings (PyQt5/6 and PySide2/6)."
category = "dev"
optional = false
python-versions = ">=3.7"

[package.dependencies]
packaging = "*"

[package.extras]
test = ["pytest (>=6,!=7.0.0,!=7.0.1)", "pytest-cov (>=3.0.0)", "pytest-qt"]

[package.source]
type = "legacy"
url = "https://www.piwheels.org/simple"
reference = "piwheels"

[[package]]
name = "send2trash"
version = "1.8.0"
description = "Send file to trash natively under Mac OS X, Windows and Linux."
category = "dev"
optional = false
python-versions = "*"

[package.extras]
nativeLib = ["pyobjc-framework-cocoa", "pywin32"]
objc = ["pyobjc-framework-cocoa"]
win32 = ["pywin32"]

[package.source]
type = "legacy"
url = "https://www.piwheels.org/simple"
reference = "piwheels"

[[package]]
name = "six"
version = "1.16.0"
description = "Python 2 and 3 compatibility utilities"
category = "dev"
optional = false
python-versions = ">=2.7, !=3.0.*, !=3.1.*, !=3.2.*"

[package.source]
type = "legacy"
url = "https://www.piwheels.org/simple"
reference = "piwheels"

[[package]]
name = "soupsieve"
version = "2.3.2.post1"
description = "A modern CSS selector implementation for Beautiful Soup."
category = "dev"
optional = false
python-versions = ">=3.6"

[package.source]
type = "legacy"
url = "https://www.piwheels.org/simple"
reference = "piwheels"

[[package]]
name = "stack-data"
version = "0.3.0"
description = "Extract data from python stack frames and tracebacks for informative displays"
category = "dev"
optional = false
python-versions = "*"

[package.dependencies]
asttokens = "*"
executing = "*"
pure-eval = "*"

[package.extras]
tests = ["pytest", "typeguard", "pygments", "littleutils", "cython"]

[package.source]
type = "legacy"
url = "https://www.piwheels.org/simple"
reference = "piwheels"

[[package]]
name = "terminado"
version = "0.15.0"
description = "Tornado websocket backend for the Xterm.js Javascript terminal emulator library."
category = "dev"
optional = false
python-versions = ">=3.7"

[package.dependencies]
ptyprocess = {version = "*", markers = "os_name != \"nt\""}
pywinpty = {version = ">=1.1.0", markers = "os_name == \"nt\""}
tornado = ">=6.1.0"

[package.extras]
test = ["pre-commit", "pytest-timeout", "pytest (>=6.0)"]

[package.source]
type = "legacy"
url = "https://www.piwheels.org/simple"
reference = "piwheels"

[[package]]
name = "tinycss2"
version = "1.1.1"
description = "A tiny CSS parser"
category = "dev"
optional = false
python-versions = ">=3.6"

[package.dependencies]
webencodings = ">=0.4"

[package.extras]
doc = ["sphinx", "sphinx-rtd-theme"]
test = ["pytest", "pytest-cov", "pytest-flake8", "pytest-isort", "coverage"]

[package.source]
type = "legacy"
url = "https://www.piwheels.org/simple"
reference = "piwheels"

[[package]]
name = "tornado"
version = "6.2"
description = "Tornado is a Python web framework and asynchronous networking library, originally developed at FriendFeed."
category = "dev"
optional = false
python-versions = ">= 3.7"

[package.source]
type = "legacy"
url = "https://www.piwheels.org/simple"
reference = "piwheels"

[[package]]
name = "traitlets"
version = "5.3.0"
description = ""
category = "dev"
optional = false
python-versions = ">=3.7"

[package.extras]
test = ["pre-commit", "pytest"]

[package.source]
type = "legacy"
url = "https://www.piwheels.org/simple"
reference = "piwheels"

[[package]]
name = "wcwidth"
version = "0.2.5"
description = "Measures the displayed width of unicode strings in a terminal"
category = "dev"
optional = false
python-versions = "*"

[package.source]
type = "legacy"
url = "https://www.piwheels.org/simple"
reference = "piwheels"

[[package]]
name = "webencodings"
version = "0.5.1"
description = "Character encoding aliases for legacy web content"
category = "dev"
optional = false
python-versions = "*"

[package.source]
type = "legacy"
url = "https://www.piwheels.org/simple"
reference = "piwheels"

[[package]]
name = "widgetsnbextension"
version = "3.6.1"
description = "IPython HTML widgets for Jupyter"
category = "dev"
optional = false
python-versions = "*"

[package.dependencies]
notebook = ">=4.4.1"

[metadata]
lock-version = "1.1"
python-versions = "^3.10"
content-hash = "02a3ceb2a06b355406da227e673d15e16e1d040ce53e2c05c225b40136c872da"

[metadata.files]
appnope = [
    {file = "appnope-0.1.3-py2.py3-none-any.whl", hash = "sha256:5d2d690b452b367b1055a384aaf25c63338e0e23b893a87c1b068aa0008b73cd"},
]
argon2-cffi = [
    {file = "argon2_cffi-21.3.0-py3-none-any.whl", hash = "sha256:10f0a209e0cd4769fe640226ff4a323acf16fc7e0a451a9c7d86d95431381df5"},
]
argon2-cffi-bindings = [
    {file = "argon2_cffi_bindings-21.2.0-cp37-abi3-linux_armv6l.whl", hash = "sha256:f215ff3733e9ef2d39c3e05485ca9ead223e5c2ca726dde52fc7d4fdac221dfc"},
    {file = "argon2_cffi_bindings-21.2.0-cp37-abi3-linux_armv7l.whl", hash = "sha256:f215ff3733e9ef2d39c3e05485ca9ead223e5c2ca726dde52fc7d4fdac221dfc"},
    {file = "argon2_cffi_bindings-21.2.0-cp39-abi3-linux_armv6l.whl", hash = "sha256:7d5d3a0f3182162875d01a97d3df713abe1f38a87802f6c43536ab1546a381ec"},
    {file = "argon2_cffi_bindings-21.2.0-cp39-abi3-linux_armv7l.whl", hash = "sha256:7d5d3a0f3182162875d01a97d3df713abe1f38a87802f6c43536ab1546a381ec"},
]
asttokens = [
    {file = "asttokens-2.0.5-py2.py3-none-any.whl", hash = "sha256:0844691e88552595a6f4a4281a9f7f79b8dd45ca4ccea82e5e05b4bbdb76705c"},
]
atomicwrites = [
    {file = "atomicwrites-1.4.1-py2.py3-none-any.whl", hash = "sha256:03513b104b7c627ac3ff75b85b54843e5710b5fa400231eb419b441c9d1ef9a7"},
]
attrs = [
    {file = "attrs-22.1.0-py2.py3-none-any.whl", hash = "sha256:6d9391612040005651f4f45d6bfc257484a8f93f15ffdcf3f8dbd21f9e20ce39"},
]
backcall = [
    {file = "backcall-0.2.0-py2.py3-none-any.whl", hash = "sha256:fbbce6a29f263178a1f7915c1940bde0ec2b2a967566fe1c65c1dfb7422bd255"},
]
beautifulsoup4 = [
    {file = "beautifulsoup4-4.11.1-py3-none-any.whl", hash = "sha256:8b2a18f3356ecb0073841e81dedb2370a6269b238ba2eb99d4d4f43022aad50b"},
]
bleach = []
cffi = [
    {file = "cffi-1.15.1-cp35-cp35m-linux_armv6l.whl", hash = "sha256:6121721a6976cbf2fc4d2807fded73d92917c911bbc8ba2c7310321d7b760230"},
    {file = "cffi-1.15.1-cp35-cp35m-linux_armv7l.whl", hash = "sha256:6121721a6976cbf2fc4d2807fded73d92917c911bbc8ba2c7310321d7b760230"},
    {file = "cffi-1.15.1-cp37-cp37m-linux_armv6l.whl", hash = "sha256:bf9242179d15bac1bf6d9b03d83d058019b3f6bca8c08ad699de315e5fbfa6d3"},
    {file = "cffi-1.15.1-cp37-cp37m-linux_armv7l.whl", hash = "sha256:bf9242179d15bac1bf6d9b03d83d058019b3f6bca8c08ad699de315e5fbfa6d3"},
    {file = "cffi-1.15.1-cp39-cp39-linux_armv6l.whl", hash = "sha256:a1e3a74910df7f5e703e5b0009d411171b808e45f4826fac0568fdab1a154185"},
    {file = "cffi-1.15.1-cp39-cp39-linux_armv7l.whl", hash = "sha256:a1e3a74910df7f5e703e5b0009d411171b808e45f4826fac0568fdab1a154185"},
]
colorama = [
    {file = "colorama-0.4.5-py2.py3-none-any.whl", hash = "sha256:2e3098fdcfc0107a135ba8bae5ddb6224bbb7fb7026db2d1b066d5af8bcca063"},
]
debugpy = [
    {file = "debugpy-1.6.2-cp37-cp37m-linux_armv6l.whl", hash = "sha256:625c139e4266cc24c60ae31c2e842a0b79797addf01131e6b4ffcdc99e301b2d"},
    {file = "debugpy-1.6.2-cp37-cp37m-linux_armv7l.whl", hash = "sha256:625c139e4266cc24c60ae31c2e842a0b79797addf01131e6b4ffcdc99e301b2d"},
    {file = "debugpy-1.6.2-cp39-cp39-linux_armv6l.whl", hash = "sha256:c28dbed79b604f632cb97e3a606b044d11743c09938c41cb99fab1eff2813a25"},
    {file = "debugpy-1.6.2-cp39-cp39-linux_armv7l.whl", hash = "sha256:c28dbed79b604f632cb97e3a606b044d11743c09938c41cb99fab1eff2813a25"},
]
decorator = [
    {file = "decorator-5.1.1-py3-none-any.whl", hash = "sha256:6f519e77644a392d3054e528ba8db527df4246be581d4d43b14f0aacace79cbd"},
]
defusedxml = [
    {file = "defusedxml-0.7.1-py2.py3-none-any.whl", hash = "sha256:a352e7e428770286cc899e2542b6cdaedb2b4953ff269a210103ec58f6198a61"},
]
entrypoints = [
    {file = "entrypoints-0.4-py3-none-any.whl", hash = "sha256:d1fb668421db084e9601b9c5ee928a2fc44ba598ce176df22be7f3d20824ce87"},
]
executing = [
    {file = "executing-0.9.1-py2.py3-none-any.whl", hash = "sha256:6ca5f8b8de885a89d10ada0e167fc0257254d70a973286a98736dcdd47c57738"},
]
fastjsonschema = [
    {file = "fastjsonschema-2.16.1-py3-none-any.whl", hash = "sha256:163c6b6481268618ec3d166e22e98735348da2f0e7c02d317d952e67cd775270"},
]
ipykernel = [
    {file = "ipykernel-6.15.1-py3-none-any.whl", hash = "sha256:d8969c5b23b0e453a23166da5a669c954db399789293fcb03fec5cb25367e43c"},
]
ipython = [
    {file = "ipython-8.4.0-py3-none-any.whl", hash = "sha256:24a020d07d2d78259b052d7c9314e8c9255dd5a359d5cc2794a620e5cccbb855"},
]
ipython-genutils = [
    {file = "ipython_genutils-0.2.0-py2.py3-none-any.whl", hash = "sha256:72dd37233799e619666c9f639a9da83c34013a73e8bbc79a7a6348d93c61fab8"},
]
ipywidgets = [
    {file = "ipywidgets-7.7.1-py2.py3-none-any.whl", hash = "sha256:fe55efff8b80a0810f265c9086cde26a57ba46da40bc910fc0ee9767a97df694"},
]
jedi = [
    {file = "jedi-0.18.1-py2.py3-none-any.whl", hash = "sha256:4b9a6d28f95200b76f11c19db57b3eafeff648d81c0d3d32007ff889b922bad8"},
]
jinja2 = [
    {file = "Jinja2-3.1.2-py3-none-any.whl", hash = "sha256:939eff24462195e3e006dac39c9d3ad951edfcab8f4b496bfaad8659ee0a01b1"},
]
jsonschema = [
    {file = "jsonschema-4.9.0-py3-none-any.whl", hash = "sha256:5d0be0cd1b670438b71c3d3145b2abba1f9d197e3e91adc4c4bae4c0e114e252"},
]
jupyter = [
    {file = "jupyter-1.0.0-py2.py3-none-any.whl", hash = "sha256:5b290f93b98ffbc21c0c7e749f054b3267782166d72fa5e3ed1ed4eaf34a2b78"},
]
jupyter-client = [
    {file = "jupyter_client-7.3.4-py3-none-any.whl", hash = "sha256:17d74b0d0a7b24f1c8c527b24fcf4607c56bee542ffe8e3418e50b21e514b621"},
]
jupyter-console = [
    {file = "jupyter_console-6.4.4-py3-none-any.whl", hash = "sha256:7ed6b1f56bf9d685cbe7fa52b27f1afb1fe8fa100a682a21a585f59dfe16b13e"},
]
jupyter-core = [
    {file = "jupyter_core-4.11.1-py3-none-any.whl", hash = "sha256:715e22bb6cc7db3718fddfac1f69f1c7e899ca00e42bdfd4bf3705452b9fd84a"},
]
jupyterlab-pygments = [
    {file = "jupyterlab_pygments-0.2.2-py2.py3-none-any.whl", hash = "sha256:2405800db07c9f770863bcf8049a529c3dd4d3e28536638bd7c1c01d2748309f"},
    {file = "jupyterlab_pygments-0.2.2.tar.gz", hash = "sha256:7405d7fde60819d905a9fa8ce89e4cd830e318cdad22a0030f7a901da705585d"},
]
jupyterlab-widgets = []
markupsafe = [
    {file = "MarkupSafe-2.1.1-cp37-cp37m-linux_armv6l.whl", hash = "sha256:04ecce2077c9c531334c847b604835e8e909f73d1fe596ceae30c8046ca90686"},
    {file = "MarkupSafe-2.1.1-cp37-cp37m-linux_armv7l.whl", hash = "sha256:04ecce2077c9c531334c847b604835e8e909f73d1fe596ceae30c8046ca90686"},
    {file = "MarkupSafe-2.1.1-cp39-cp39-linux_armv6l.whl", hash = "sha256:635983650c67c69118fe07c52f799b789d17edb9051777476b646278602d47dd"},
    {file = "MarkupSafe-2.1.1-cp39-cp39-linux_armv7l.whl", hash = "sha256:635983650c67c69118fe07c52f799b789d17edb9051777476b646278602d47dd"},
]
matplotlib-inline = [
    {file = "matplotlib_inline-0.1.3-py3-none-any.whl", hash = "sha256:474ad7a52593702b300a50d179a1a49547193d572484f40c0e121d2b900a2197"},
]
mistune = [
    {file = "mistune-0.8.4-py2.py3-none-any.whl", hash = "sha256:88a1051873018da288eee8538d476dffe1262495144b33ecb586c4ab266bb8d4"},
]
more-itertools = [
    {file = "more_itertools-8.13.0-py3-none-any.whl", hash = "sha256:9c26a0a371c7d8f0ba4f34d2d31ad5a7708c17c17e90323fe176f671d5266e09"},
]
nbclient = [
    {file = "nbclient-0.6.6-py3-none-any.whl", hash = "sha256:20a5e3d2074e9f684b38690c73dfc0eb575544d0f267924f0aceab0bfc219373"},
]
nbconvert = [
    {file = "nbconvert-6.5.0-py3-none-any.whl", hash = "sha256:d0a0336794b518b64352c77bad4f757a08baf1f32cc9e2cd4a5ad2dd57e35189"},
]
nbformat = [
    {file = "nbformat-5.4.0-py3-none-any.whl", hash = "sha256:d07f4512203c80dc0baa21c94c82e45fdf32caf7badc94e948388bcd9ce37d67"},
]
nest-asyncio = [
    {file = "nest_asyncio-1.5.5-py3-none-any.whl", hash = "sha256:ff27c82b0494a6463c8fd674e7c376b7ee507d7828e7b7d0d6cd6f83495ce3aa"},
]
notebook = [
    {file = "notebook-6.4.12-py3-none-any.whl", hash = "sha256:4897fce780b9ccb96cf8e3c8a5b53baf9f25ce02a97cf7644f2bd5fcd8628715"},
]
packaging = [
    {file = "packaging-21.3-py3-none-any.whl", hash = "sha256:36bb3108f8e33f88e52e7985b4068e2585b67e5b7b3a0fa2817f9852bc39d2ef"},
]
pandocfilters = [
    {file = "pandocfilters-1.5.0-py2.py3-none-any.whl", hash = "sha256:71a86efbf49ad6244c84585e9c72f7d876b4c664f35b6b4cdc709579233be02b"},
]
parso = [
    {file = "parso-0.8.3-py2.py3-none-any.whl", hash = "sha256:9c0ab364bdef44019b358a7263f2cad8f68a7df1ac075b54bcde2eee36e38a50"},
]
pexpect = [
    {file = "pexpect-4.8.0-py2.py3-none-any.whl", hash = "sha256:0b48a55dcb3c05f3329815901ea4fc1537514d6ba867a152b581d69ae3710937"},
]
pickleshare = [
    {file = "pickleshare-0.7.5-py2.py3-none-any.whl", hash = "sha256:9649af414d74d4df115d5d718f82acb59c9d418196b7b4290ed47a12ce62df56"},
]
pluggy = [
    {file = "pluggy-0.13.1-py2.py3-none-any.whl", hash = "sha256:966c145cd83c96502c3c3868f50408687b38434af77734af1e9ca461a4081d2d"},
]
prometheus-client = [
    {file = "prometheus_client-0.14.1-py3-none-any.whl", hash = "sha256:d11fc084c9f10abbe1e5dbec8127cd8afe16be88f819341cf140994e675093c7"},
]
prompt-toolkit = []
psutil = [
    {file = "psutil-5.9.1-cp35-cp35m-linux_armv6l.whl", hash = "sha256:da13a06d7af791140d2a242fd5cf35b010c0f615b675dac6705e4ae9a3140c01"},
    {file = "psutil-5.9.1-cp35-cp35m-linux_armv7l.whl", hash = "sha256:da13a06d7af791140d2a242fd5cf35b010c0f615b675dac6705e4ae9a3140c01"},
    {file = "psutil-5.9.1-cp37-cp37m-linux_armv6l.whl", hash = "sha256:e700b1cb57653bf4fb020f3dea036063986386c4cf2e81fe36fae0318af1885c"},
    {file = "psutil-5.9.1-cp37-cp37m-linux_armv7l.whl", hash = "sha256:e700b1cb57653bf4fb020f3dea036063986386c4cf2e81fe36fae0318af1885c"},
    {file = "psutil-5.9.1-cp39-cp39-linux_armv6l.whl", hash = "sha256:a5ed533bc4fe1057c1f2dfa118dc69e69fa7a96d0c0f2049e35f8829c4c86503"},
    {file = "psutil-5.9.1-cp39-cp39-linux_armv7l.whl", hash = "sha256:a5ed533bc4fe1057c1f2dfa118dc69e69fa7a96d0c0f2049e35f8829c4c86503"},
]
ptyprocess = [
    {file = "ptyprocess-0.7.0-py2.py3-none-any.whl", hash = "sha256:4b41f3967fce3af57cc7e94b888626c18bf37a083e3651ca8feeb66d492fef35"},
]
pure-eval = [
    {file = "pure_eval-0.2.2-py3-none-any.whl", hash = "sha256:a169c3f7e38290e2b9dd7da74f5578909e1358aaf6b97d9adee59c56e4eb4d5d"},
]
py = [
    {file = "py-1.11.0-py2.py3-none-any.whl", hash = "sha256:ec07ead4a92be3fe6be916f57ee869b9b4cb7ec17a0add2a5366cc7efa0521c8"},
]
pycparser = [
    {file = "pycparser-2.21-py2.py3-none-any.whl", hash = "sha256:ab326306c89cc646bc81ba2337c513f967faf2b3457985e1c63180adf1ada044"},
]
pygments = [
    {file = "Pygments-2.12.0-py3-none-any.whl", hash = "sha256:2d0272a419f7725dfb36fb7feb6dfb8c66a4c37066ead3931e73cd65673c268d"},
]
pyparsing = [
    {file = "pyparsing-3.0.9-py3-none-any.whl", hash = "sha256:94fac81ddf92f0bdf3bb33c1c3e6d0181caa204a578184dd02778870ccf307c5"},
]
pyrsistent = [
    {file = "pyrsistent-0.18.1-cp37-cp37m-linux_armv6l.whl", hash = "sha256:8b9715bd2af95fe338d847461d514fed202cbcc94d7dd698b83082d1f19d2775"},
    {file = "pyrsistent-0.18.1-cp37-cp37m-linux_armv7l.whl", hash = "sha256:8b9715bd2af95fe338d847461d514fed202cbcc94d7dd698b83082d1f19d2775"},
    {file = "pyrsistent-0.18.1-cp39-cp39-linux_armv6l.whl", hash = "sha256:24215c805c66fcecafd5f9f3ee8f2a818cbb004c857cf4262be5f13f1a40a821"},
    {file = "pyrsistent-0.18.1-cp39-cp39-linux_armv7l.whl", hash = "sha256:24215c805c66fcecafd5f9f3ee8f2a818cbb004c857cf4262be5f13f1a40a821"},
]
pytest = [
    {file = "pytest-5.4.3-py3-none-any.whl", hash = "sha256:57dbc379a99528a92fd9437d85a06795614b15596fa4512c2e8e5b994dc91d1c"},
]
python-dateutil = [
    {file = "python_dateutil-2.8.2-py2.py3-none-any.whl", hash = "sha256:961d03dc3453ebbc59dbdea9e4e11c5651520a876d0f4db161e8674aae935da9"},
]
pywin32 = [
    {file = "pywin32-304-cp310-cp310-win32.whl", hash = "sha256:3c7bacf5e24298c86314f03fa20e16558a4e4138fc34615d7de4070c23e65af3"},
    {file = "pywin32-304-cp310-cp310-win_amd64.whl", hash = "sha256:4f32145913a2447736dad62495199a8e280a77a0ca662daa2332acf849f0be48"},
    {file = "pywin32-304-cp310-cp310-win_arm64.whl", hash = "sha256:d3ee45adff48e0551d1aa60d2ec066fec006083b791f5c3527c40cd8aefac71f"},
    {file = "pywin32-304-cp311-cp311-win32.whl", hash = "sha256:30c53d6ce44c12a316a06c153ea74152d3b1342610f1b99d40ba2795e5af0269"},
    {file = "pywin32-304-cp311-cp311-win_amd64.whl", hash = "sha256:7ffa0c0fa4ae4077e8b8aa73800540ef8c24530057768c3ac57c609f99a14fd4"},
    {file = "pywin32-304-cp311-cp311-win_arm64.whl", hash = "sha256:cbbe34dad39bdbaa2889a424d28752f1b4971939b14b1bb48cbf0182a3bcfc43"},
    {file = "pywin32-304-cp36-cp36m-win32.whl", hash = "sha256:be253e7b14bc601718f014d2832e4c18a5b023cbe72db826da63df76b77507a1"},
    {file = "pywin32-304-cp36-cp36m-win_amd64.whl", hash = "sha256:de9827c23321dcf43d2f288f09f3b6d772fee11e809015bdae9e69fe13213988"},
    {file = "pywin32-304-cp37-cp37m-win32.whl", hash = "sha256:f64c0377cf01b61bd5e76c25e1480ca8ab3b73f0c4add50538d332afdf8f69c5"},
    {file = "pywin32-304-cp37-cp37m-win_amd64.whl", hash = "sha256:bb2ea2aa81e96eee6a6b79d87e1d1648d3f8b87f9a64499e0b92b30d141e76df"},
    {file = "pywin32-304-cp38-cp38-win32.whl", hash = "sha256:94037b5259701988954931333aafd39cf897e990852115656b014ce72e052e96"},
    {file = "pywin32-304-cp38-cp38-win_amd64.whl", hash = "sha256:ead865a2e179b30fb717831f73cf4373401fc62fbc3455a0889a7ddac848f83e"},
    {file = "pywin32-304-cp39-cp39-win32.whl", hash = "sha256:25746d841201fd9f96b648a248f731c1dec851c9a08b8e33da8b56148e4c65cc"},
    {file = "pywin32-304-cp39-cp39-win_amd64.whl", hash = "sha256:d24a3382f013b21aa24a5cfbfad5a2cd9926610c0affde3e8ab5b3d7dbcf4ac9"},
]
pywinpty = []
pyzmq = [
    {file = "pyzmq-23.2.0-cp37-cp37m-linux_armv6l.whl", hash = "sha256:4f53409ae2a3825bae0f5efba81d393923a48da16e676957ef8e718092a8c019"},
    {file = "pyzmq-23.2.0-cp37-cp37m-linux_armv7l.whl", hash = "sha256:4f53409ae2a3825bae0f5efba81d393923a48da16e676957ef8e718092a8c019"},
    {file = "pyzmq-23.2.0-cp39-cp39-linux_armv6l.whl", hash = "sha256:88010ce1662870093fe6903d28d31e42291cf43ed83cc55112edb0faab7b76ae"},
    {file = "pyzmq-23.2.0-cp39-cp39-linux_armv7l.whl", hash = "sha256:88010ce1662870093fe6903d28d31e42291cf43ed83cc55112edb0faab7b76ae"},
]
qtconsole = [
    {file = "qtconsole-5.3.1-py3-none-any.whl", hash = "sha256:d8cd3d967561c6da1e6eb4080f5ca45aedc6ec92f63e672e7b5d4ba3b76a7a0d"},
]
qtpy = [
    {file = "QtPy-2.1.0-py3-none-any.whl", hash = "sha256:1194a8d3a8ce1b7161ae78a7cfef80167f49dba6683c1a5736123c3d584d11c5"},
]
send2trash = [
    {file = "Send2Trash-1.8.0-py3-none-any.whl", hash = "sha256:fbde571b26c16e63e3a1b640820264a2a14ceeb3260bbfbfe52d6b04d449e8b4"},
]
six = [
    {file = "six-1.16.0-py2.py3-none-any.whl", hash = "sha256:8abb2f1d86890a2dfb989f9a77cfcfd3e47c2a354b01111771326f8aa26e0254"},
]
soupsieve = [
    {file = "soupsieve-2.3.2.post1-py3-none-any.whl", hash = "sha256:3b2503d3c7084a42b1ebd08116e5f81aadfaea95863628c80a3b774a11b7c759"},
]
stack-data = [
    {file = "stack_data-0.3.0-py3-none-any.whl", hash = "sha256:804470f2cceba6e0e339c7a1c797a2147dbc6677f59f47e6d333c4999013805e"},
]
terminado = [
    {file = "terminado-0.15.0-py3-none-any.whl", hash = "sha256:0d5f126fbfdb5887b25ae7d9d07b0d716b1cc0ccaacc71c1f3c14d228e065197"},
]
tinycss2 = [
    {file = "tinycss2-1.1.1-py3-none-any.whl", hash = "sha256:4f9ab86d96b2229cb059ce99e97ed32e8690b69fdd476f383dda5a518e0d0024"},
]
tornado = [
    {file = "tornado-6.2-cp37-abi3-linux_armv6l.whl", hash = "sha256:970125767a9a2ce12c3074112c6249b598a6b4cdcfa6e081118331544166b956"},
    {file = "tornado-6.2-cp37-abi3-linux_armv7l.whl", hash = "sha256:970125767a9a2ce12c3074112c6249b598a6b4cdcfa6e081118331544166b956"},
]
traitlets = [
    {file = "traitlets-5.3.0-py3-none-any.whl", hash = "sha256:65fa18961659635933100db8ca120ef6220555286949774b9cfc106f941d1c7a"},
]
wcwidth = [
    {file = "wcwidth-0.2.5-py2.py3-none-any.whl", hash = "sha256:beb4802a9cebb9144e99086eff703a642a13d6a0052920003a230f3294bbe784"},
]
webencodings = [
    {file = "webencodings-0.5.1-py2.py3-none-any.whl", hash = "sha256:a0af1213f3c2226497a97e2b3aa01a7e4bee4f403f95be16fc9acd2947514a78"},
]
widgetsnbextension = []
